
Microsoft Visual Studio Solution File, Format Version 12.00
# Visual Studio 15
VisualStudioVersion = 15.0.27130.2010
MinimumVisualStudioVersion = 10.0.40219.1
Project("{9A19103F-16F7-4668-BE54-9A1E7A4F7556}") = "CinemaBookingClient", "CinemaBookingClient\CinemaBookingClient.csproj", "{2AE1992B-AF75-42C4-9FE2-E43F49337511}"
EndProject
Global
	GlobalSection(SolutionConfigurationPlatforms) = preSolution
		Debug|Any CPU = Debug|Any CPU
		Release|Any CPU = Release|Any CPU
	EndGlobalSection
	GlobalSection(ProjectConfigurationPlatforms) = postSolution
		{2AE1992B-AF75-42C4-9FE2-E43F49337511}.Debug|Any CPU.ActiveCfg = Debug|Any CPU
		{2AE1992B-AF75-42C4-9FE2-E43F49337511}.Debug|Any CPU.Build.0 = Debug|Any CPU
		{2AE1992B-AF75-42C4-9FE2-E43F49337511}.Release|Any CPU.ActiveCfg = Release|Any CPU
		{2AE1992B-AF75-42C4-9FE2-E43F49337511}.Release|Any CPU.Build.0 = Release|Any CPU
	EndGlobalSection
	GlobalSection(SolutionProperties) = preSolution
		HideSolutionNode = FALSE
	EndGlobalSection
	GlobalSection(ExtensibilityGlobals) = postSolution
		SolutionGuid = {AD530BE3-E84F-4F71-BEA8-C7AFD2A9DBEC}
	EndGlobalSection
EndGlobal
